// !$*UTF8*$!
{
	archiveVersion = 1;
	classes = {
	};
	objectVersion = 50;
	objects = {

/* Begin PBXBuildFile section */
		621CDD4625EF52AE001D20BE /* AppDelegate.swift in Sources */ = {isa = PBXBuildFile; fileRef = 621CDD4525EF52AE001D20BE /* AppDelegate.swift */; };
		621CDD4825EF52AE001D20BE /* SceneDelegate.swift in Sources */ = {isa = PBXBuildFile; fileRef = 621CDD4725EF52AE001D20BE /* SceneDelegate.swift */; };
		621CDD4A25EF52AE001D20BE /* ViewController.swift in Sources */ = {isa = PBXBuildFile; fileRef = 621CDD4925EF52AE001D20BE /* ViewController.swift */; };
		621CDD4D25EF52AE001D20BE /* Main.storyboard in Resources */ = {isa = PBXBuildFile; fileRef = 621CDD4B25EF52AE001D20BE /* Main.storyboard */; };
		621CDD5025EF52AE001D20BE /* Idea.xcdatamodeld in Sources */ = {isa = PBXBuildFile; fileRef = 621CDD4E25EF52AE001D20BE /* Idea.xcdatamodeld */; };
		621CDD5225EF52B1001D20BE /* Assets.xcassets in Resources */ = {isa = PBXBuildFile; fileRef = 621CDD5125EF52B1001D20BE /* Assets.xcassets */; };
		621CDD5525EF52B1001D20BE /* LaunchScreen.storyboard in Resources */ = {isa = PBXBuildFile; fileRef = 621CDD5325EF52B1001D20BE /* LaunchScreen.storyboard */; };
		621CDD6025EF52B1001D20BE /* IdeaTests.swift in Sources */ = {isa = PBXBuildFile; fileRef = 621CDD5F25EF52B1001D20BE /* IdeaTests.swift */; };
		621CDD6B25EF52B1001D20BE /* IdeaUITests.swift in Sources */ = {isa = PBXBuildFile; fileRef = 621CDD6A25EF52B1001D20BE /* IdeaUITests.swift */; };
/* End PBXBuildFile section */

/* Begin PBXContainerItemProxy section */
		621CDD5C25EF52B1001D20BE /* PBXContainerItemProxy */ = {
			isa = PBXContainerItemProxy;
			containerPortal = 621CDD3A25EF52AD001D20BE /* Project object */;
			proxyType = 1;
			remoteGlobalIDString = 621CDD4125EF52AE001D20BE;
			remoteInfo = Idea;
		};
		621CDD6725EF52B1001D20BE /* PBXContainerItemProxy */ = {
			isa = PBXContainerItemProxy;
			containerPortal = 621CDD3A25EF52AD001D20BE /* Project object */;
			proxyType = 1;
			remoteGlobalIDString = 621CDD4125EF52AE001D20BE;
			remoteInfo = Idea;
		};
/* End PBXContainerItemProxy section */

/* Begin PBXFileReference section */
		621CDD4225EF52AE001D20BE /* Idea.app */ = {isa = PBXFileReference; explicitFileType = wrapper.application; includeInIndex = 0; path = Idea.app; sourceTree = BUILT_PRODUCTS_DIR; };
		621CDD4525EF52AE001D20BE /* AppDelegate.swift */ = {isa = PBXFileReference; lastKnownFileType = sourcecode.swift; path = AppDelegate.swift; sourceTree = "<group>"; };
		621CDD4725EF52AE001D20BE /* SceneDelegate.swift */ = {isa = PBXFileReference; lastKnownFileType = sourcecode.swift; path = SceneDelegate.swift; sourceTree = "<group>"; };
		621CDD4925EF52AE001D20BE /* ViewController.swift */ = {isa = PBXFileReference; lastKnownFileType = sourcecode.swift; path = ViewController.swift; sourceTree = "<group>"; };
		621CDD4C25EF52AE001D20BE /* Base */ = {isa = PBXFileReference; lastKnownFileType = file.storyboard; name = Base; path = Base.lproj/Main.storyboard; sourceTree = "<group>"; };
		621CDD4F25EF52AE001D20BE /* Idea.xcdatamodel */ = {isa = PBXFileReference; lastKnownFileType = wrapper.xcdatamodel; path = Idea.xcdatamodel; sourceTree = "<group>"; };
		621CDD5125EF52B1001D20BE /* Assets.xcassets */ = {isa = PBXFileReference; lastKnownFileType = folder.assetcatalog; path = Assets.xcassets; sourceTree = "<group>"; };
		621CDD5425EF52B1001D20BE /* Base */ = {isa = PBXFileReference; lastKnownFileType = file.storyboard; name = Base; path = Base.lproj/LaunchScreen.storyboard; sourceTree = "<group>"; };
		621CDD5625EF52B1001D20BE /* Info.plist */ = {isa = PBXFileReference; lastKnownFileType = text.plist.xml; path = Info.plist; sourceTree = "<group>"; };
		621CDD5B25EF52B1001D20BE /* IdeaTests.xctest */ = {isa = PBXFileReference; explicitFileType = wrapper.cfbundle; includeInIndex = 0; path = IdeaTests.xctest; sourceTree = BUILT_PRODUCTS_DIR; };
		621CDD5F25EF52B1001D20BE /* IdeaTests.swift */ = {isa = PBXFileReference; lastKnownFileType = sourcecode.swift; path = IdeaTests.swift; sourceTree = "<group>"; };
		621CDD6125EF52B1001D20BE /* Info.plist */ = {isa = PBXFileReference; lastKnownFileType = text.plist.xml; path = Info.plist; sourceTree = "<group>"; };
		621CDD6625EF52B1001D20BE /* IdeaUITests.xctest */ = {isa = PBXFileReference; explicitFileType = wrapper.cfbundle; includeInIndex = 0; path = IdeaUITests.xctest; sourceTree = BUILT_PRODUCTS_DIR; };
		621CDD6A25EF52B1001D20BE /* IdeaUITests.swift */ = {isa = PBXFileReference; lastKnownFileType = sourcecode.swift; path = IdeaUITests.swift; sourceTree = "<group>"; };
		621CDD6C25EF52B1001D20BE /* Info.plist */ = {isa = PBXFileReference; lastKnownFileType = text.plist.xml; path = Info.plist; sourceTree = "<group>"; };
/* End PBXFileReference section */

/* Begin PBXFrameworksBuildPhase section */
		621CDD3F25EF52AE001D20BE /* Frameworks */ = {
			isa = PBXFrameworksBuildPhase;
			buildActionMask = 2147483647;
			files = (
			);
			runOnlyForDeploymentPostprocessing = 0;
		};
		621CDD5825EF52B1001D20BE /* Frameworks */ = {
			isa = PBXFrameworksBuildPhase;
			buildActionMask = 2147483647;
			files = (
			);
			runOnlyForDeploymentPostprocessing = 0;
		};
		621CDD6325EF52B1001D20BE /* Frameworks */ = {
			isa = PBXFrameworksBuildPhase;
			buildActionMask = 2147483647;
			files = (
			);
			runOnlyForDeploymentPostprocessing = 0;
		};
/* End PBXFrameworksBuildPhase section */

/* Begin PBXGroup section */
		621CDD3925EF52AD001D20BE = {
			isa = PBXGroup;
			children = (
				621CDD4425EF52AE001D20BE /* Idea */,
				621CDD5E25EF52B1001D20BE /* IdeaTests */,
				621CDD6925EF52B1001D20BE /* IdeaUITests */,
				621CDD4325EF52AE001D20BE /* Products */,
			);
			sourceTree = "<group>";
		};
		621CDD4325EF52AE001D20BE /* Products */ = {
			isa = PBXGroup;
			children = (
				621CDD4225EF52AE001D20BE /* Idea.app */,
				621CDD5B25EF52B1001D20BE /* IdeaTests.xctest */,
				621CDD6625EF52B1001D20BE /* IdeaUITests.xctest */,
			);
			name = Products;
			sourceTree = "<group>";
		};
		621CDD4425EF52AE001D20BE /* Idea */ = {
			isa = PBXGroup;
			children = (
				621CDD4525EF52AE001D20BE /* AppDelegate.swift */,
				621CDD4725EF52AE001D20BE /* SceneDelegate.swift */,
				621CDD4925EF52AE001D20BE /* ViewController.swift */,
				621CDD4B25EF52AE001D20BE /* Main.storyboard */,
				621CDD5125EF52B1001D20BE /* Assets.xcassets */,
				621CDD5325EF52B1001D20BE /* LaunchScreen.storyboard */,
				621CDD5625EF52B1001D20BE /* Info.plist */,
				621CDD4E25EF52AE001D20BE /* Idea.xcdatamodeld */,
			);
			path = Idea;
			sourceTree = "<group>";
		};
		621CDD5E25EF52B1001D20BE /* IdeaTests */ = {
			isa = PBXGroup;
			children = (
				621CDD5F25EF52B1001D20BE /* IdeaTests.swift */,
				621CDD6125EF52B1001D20BE /* Info.plist */,
			);
			path = IdeaTests;
			sourceTree = "<group>";
		};
		621CDD6925EF52B1001D20BE /* IdeaUITests */ = {
			isa = PBXGroup;
			children = (
				621CDD6A25EF52B1001D20BE /* IdeaUITests.swift */,
				621CDD6C25EF52B1001D20BE /* Info.plist */,
			);
			path = IdeaUITests;
			sourceTree = "<group>";
		};
/* End PBXGroup section */

/* Begin PBXNativeTarget section */
		621CDD4125EF52AE001D20BE /* Idea */ = {
			isa = PBXNativeTarget;
			buildConfigurationList = 621CDD6F25EF52B1001D20BE /* Build configuration list for PBXNativeTarget "Idea" */;
			buildPhases = (
				621CDD3E25EF52AE001D20BE /* Sources */,
				621CDD3F25EF52AE001D20BE /* Frameworks */,
				621CDD4025EF52AE001D20BE /* Resources */,
			);
			buildRules = (
			);
			dependencies = (
			);
			name = Idea;
			productName = Idea;
			productReference = 621CDD4225EF52AE001D20BE /* Idea.app */;
			productType = "com.apple.product-type.application";
		};
		621CDD5A25EF52B1001D20BE /* IdeaTests */ = {
			isa = PBXNativeTarget;
			buildConfigurationList = 621CDD7225EF52B1001D20BE /* Build configuration list for PBXNativeTarget "IdeaTests" */;
			buildPhases = (
				621CDD5725EF52B1001D20BE /* Sources */,
				621CDD5825EF52B1001D20BE /* Frameworks */,
				621CDD5925EF52B1001D20BE /* Resources */,
			);
			buildRules = (
			);
			dependencies = (
				621CDD5D25EF52B1001D20BE /* PBXTargetDependency */,
			);
			name = IdeaTests;
			productName = IdeaTests;
			productReference = 621CDD5B25EF52B1001D20BE /* IdeaTests.xctest */;
			productType = "com.apple.product-type.bundle.unit-test";
		};
		621CDD6525EF52B1001D20BE /* IdeaUITests */ = {
			isa = PBXNativeTarget;
			buildConfigurationList = 621CDD7525EF52B1001D20BE /* Build configuration list for PBXNativeTarget "IdeaUITests" */;
			buildPhases = (
				621CDD6225EF52B1001D20BE /* Sources */,
				621CDD6325EF52B1001D20BE /* Frameworks */,
				621CDD6425EF52B1001D20BE /* Resources */,
			);
			buildRules = (
			);
			dependencies = (
				621CDD6825EF52B1001D20BE /* PBXTargetDependency */,
			);
			name = IdeaUITests;
			productName = IdeaUITests;
			productReference = 621CDD6625EF52B1001D20BE /* IdeaUITests.xctest */;
			productType = "com.apple.product-type.bundle.ui-testing";
		};
/* End PBXNativeTarget section */

/* Begin PBXProject section */
		621CDD3A25EF52AD001D20BE /* Project object */ = {
			isa = PBXProject;
			attributes = {
				LastSwiftUpdateCheck = 1220;
				LastUpgradeCheck = 1220;
				TargetAttributes = {
					621CDD4125EF52AE001D20BE = {
						CreatedOnToolsVersion = 12.2;
					};
					621CDD5A25EF52B1001D20BE = {
						CreatedOnToolsVersion = 12.2;
						TestTargetID = 621CDD4125EF52AE001D20BE;
					};
					621CDD6525EF52B1001D20BE = {
						CreatedOnToolsVersion = 12.2;
						TestTargetID = 621CDD4125EF52AE001D20BE;
					};
				};
			};
			buildConfigurationList = 621CDD3D25EF52AD001D20BE /* Build configuration list for PBXProject "Idea" */;
			compatibilityVersion = "Xcode 9.3";
			developmentRegion = en;
			hasScannedForEncodings = 0;
			knownRegions = (
				en,
				Base,
			);
			mainGroup = 621CDD3925EF52AD001D20BE;
			productRefGroup = 621CDD4325EF52AE001D20BE /* Products */;
			projectDirPath = "";
			projectRoot = "";
			targets = (
				621CDD4125EF52AE001D20BE /* Idea */,
				621CDD5A25EF52B1001D20BE /* IdeaTests */,
				621CDD6525EF52B1001D20BE /* IdeaUITests */,
			);
		};
/* End PBXProject section */

/* Begin PBXResourcesBuildPhase section */
		621CDD4025EF52AE001D20BE /* Resources */ = {
			isa = PBXResourcesBuildPhase;
			buildActionMask = 2147483647;
			files = (
				621CDD5525EF52B1001D20BE /* LaunchScreen.storyboard in Resources */,
				621CDD5225EF52B1001D20BE /* Assets.xcassets in Resources */,
				621CDD4D25EF52AE001D20BE /* Main.storyboard in Resources */,
			);
			runOnlyForDeploymentPostprocessing = 0;
		};
		621CDD5925EF52B1001D20BE /* Resources */ = {
			isa = PBXResourcesBuildPhase;
			buildActionMask = 2147483647;
			files = (
			);
			runOnlyForDeploymentPostprocessing = 0;
		};
		621CDD6425EF52B1001D20BE /* Resources */ = {
			isa = PBXResourcesBuildPhase;
			buildActionMask = 2147483647;
			files = (
			);
			runOnlyForDeploymentPostprocessing = 0;
		};
/* End PBXResourcesBuildPhase section */

/* Begin PBXSourcesBuildPhase section */
		621CDD3E25EF52AE001D20BE /* Sources */ = {
			isa = PBXSourcesBuildPhase;
			buildActionMask = 2147483647;
			files = (
				621CDD5025EF52AE001D20BE /* Idea.xcdatamodeld in Sources */,
				621CDD4A25EF52AE001D20BE /* ViewController.swift in Sources */,
				621CDD4625EF52AE001D20BE /* AppDelegate.swift in Sources */,
				621CDD4825EF52AE001D20BE /* SceneDelegate.swift in Sources */,
			);
			runOnlyForDeploymentPostprocessing = 0;
		};
		621CDD5725EF52B1001D20BE /* Sources */ = {
			isa = PBXSourcesBuildPhase;
			buildActionMask = 2147483647;
			files = (
				621CDD6025EF52B1001D20BE /* IdeaTests.swift in Sources */,
			);
			runOnlyForDeploymentPostprocessing = 0;
		};
		621CDD6225EF52B1001D20BE /* Sources */ = {
			isa = PBXSourcesBuildPhase;
			buildActionMask = 2147483647;
			files = (
				621CDD6B25EF52B1001D20BE /* IdeaUITests.swift in Sources */,
			);
			runOnlyForDeploymentPostprocessing = 0;
		};
/* End PBXSourcesBuildPhase section */

/* Begin PBXTargetDependency section */
		621CDD5D25EF52B1001D20BE /* PBXTargetDependency */ = {
			isa = PBXTargetDependency;
			target = 621CDD4125EF52AE001D20BE /* Idea */;
			targetProxy = 621CDD5C25EF52B1001D20BE /* PBXContainerItemProxy */;
		};
		621CDD6825EF52B1001D20BE /* PBXTargetDependency */ = {
			isa = PBXTargetDependency;
			target = 621CDD4125EF52AE001D20BE /* Idea */;
			targetProxy = 621CDD6725EF52B1001D20BE /* PBXContainerItemProxy */;
		};
/* End PBXTargetDependency section */

/* Begin PBXVariantGroup section */
		621CDD4B25EF52AE001D20BE /* Main.storyboard */ = {
			isa = PBXVariantGroup;
			children = (
				621CDD4C25EF52AE001D20BE /* Base */,
			);
			name = Main.storyboard;
			sourceTree = "<group>";
		};
		621CDD5325EF52B1001D20BE /* LaunchScreen.storyboard */ = {
			isa = PBXVariantGroup;
			children = (
				621CDD5425EF52B1001D20BE /* Base */,
			);
			name = LaunchScreen.storyboard;
			sourceTree = "<group>";
		};
/* End PBXVariantGroup section */

/* Begin XCBuildConfiguration section */
		621CDD6D25EF52B1001D20BE /* Debug */ = {
			isa = XCBuildConfiguration;
			buildSettings = {
				ALWAYS_SEARCH_USER_PATHS = NO;
				CLANG_ANALYZER_NONNULL = YES;
				CLANG_ANALYZER_NUMBER_OBJECT_CONVERSION = YES_AGGRESSIVE;
				CLANG_CXX_LANGUAGE_STANDARD = "gnu++14";
				CLANG_CXX_LIBRARY = "libc++";
				CLANG_ENABLE_MODULES = YES;
				CLANG_ENABLE_OBJC_ARC = YES;
				CLANG_ENABLE_OBJC_WEAK = YES;
				CLANG_WARN_BLOCK_CAPTURE_AUTORELEASING = YES;
				CLANG_WARN_BOOL_CONVERSION = YES;
				CLANG_WARN_COMMA = YES;
				CLANG_WARN_CONSTANT_CONVERSION = YES;
				CLANG_WARN_DEPRECATED_OBJC_IMPLEMENTATIONS = YES;
				CLANG_WARN_DIRECT_OBJC_ISA_USAGE = YES_ERROR;
				CLANG_WARN_DOCUMENTATION_COMMENTS = YES;
				CLANG_WARN_EMPTY_BODY = YES;
				CLANG_WARN_ENUM_CONVERSION = YES;
				CLANG_WARN_INFINITE_RECURSION = YES;
				CLANG_WARN_INT_CONVERSION = YES;
				CLANG_WARN_NON_LITERAL_NULL_CONVERSION = YES;
				CLANG_WARN_OBJC_IMPLICIT_RETAIN_SELF = YES;
				CLANG_WARN_OBJC_LITERAL_CONVERSION = YES;
				CLANG_WARN_OBJC_ROOT_CLASS = YES_ERROR;
				CLANG_WARN_QUOTED_INCLUDE_IN_FRAMEWORK_HEADER = YES;
				CLANG_WARN_RANGE_LOOP_ANALYSIS = YES;
				CLANG_WARN_STRICT_PROTOTYPES = YES;
				CLANG_WARN_SUSPICIOUS_MOVE = YES;
				CLANG_WARN_UNGUARDED_AVAILABILITY = YES_AGGRESSIVE;
				CLANG_WARN_UNREACHABLE_CODE = YES;
				CLANG_WARN__DUPLICATE_METHOD_MATCH = YES;
				COPY_PHASE_STRIP = NO;
				DEBUG_INFORMATION_FORMAT = dwarf;
				ENABLE_STRICT_OBJC_MSGSEND = YES;
				ENABLE_TESTABILITY = YES;
				GCC_C_LANGUAGE_STANDARD = gnu11;
				GCC_DYNAMIC_NO_PIC = NO;
				GCC_NO_COMMON_BLOCKS = YES;
				GCC_OPTIMIZATION_LEVEL = 0;
				GCC_PREPROCESSOR_DEFINITIONS = (
					"DEBUG=1",
					"$(inherited)",
				);
				GCC_WARN_64_TO_32_BIT_CONVERSION = YES;
				GCC_WARN_ABOUT_RETURN_TYPE = YES_ERROR;
				GCC_WARN_UNDECLARED_SELECTOR = YES;
				GCC_WARN_UNINITIALIZED_AUTOS = YES_AGGRESSIVE;
				GCC_WARN_UNUSED_FUNCTION = YES;
				GCC_WARN_UNUSED_VARIABLE = YES;
				IPHONEOS_DEPLOYMENT_TARGET = 14.2;
				MTL_ENABLE_DEBUG_INFO = INCLUDE_SOURCE;
				MTL_FAST_MATH = YES;
				ONLY_ACTIVE_ARCH = YES;
				SDKROOT = iphoneos;
				SWIFT_ACTIVE_COMPILATION_CONDITIONS = DEBUG;
				SWIFT_OPTIMIZATION_LEVEL = "-Onone";
			};
			name = Debug;
		};
		621CDD6E25EF52B1001D20BE /* Release */ = {
			isa = XCBuildConfiguration;
			buildSettings = {
				ALWAYS_SEARCH_USER_PATHS = NO;
				CLANG_ANALYZER_NONNULL = YES;
				CLANG_ANALYZER_NUMBER_OBJECT_CONVERSION = YES_AGGRESSIVE;
				CLANG_CXX_LANGUAGE_STANDARD = "gnu++14";
				CLANG_CXX_LIBRARY = "libc++";
				CLANG_ENABLE_MODULES = YES;
				CLANG_ENABLE_OBJC_ARC = YES;
				CLANG_ENABLE_OBJC_WEAK = YES;
				CLANG_WARN_BLOCK_CAPTURE_AUTORELEASING = YES;
				CLANG_WARN_BOOL_CONVERSION = YES;
				CLANG_WARN_COMMA = YES;
				CLANG_WARN_CONSTANT_CONVERSION = YES;
				CLANG_WARN_DEPRECATED_OBJC_IMPLEMENTATIONS = YES;
				CLANG_WARN_DIRECT_OBJC_ISA_USAGE = YES_ERROR;
				CLANG_WARN_DOCUMENTATION_COMMENTS = YES;
				CLANG_WARN_EMPTY_BODY = YES;
				CLANG_WARN_ENUM_CONVERSION = YES;
				CLANG_WARN_INFINITE_RECURSION = YES;
				CLANG_WARN_INT_CONVERSION = YES;
				CLANG_WARN_NON_LITERAL_NULL_CONVERSION = YES;
				CLANG_WARN_OBJC_IMPLICIT_RETAIN_SELF = YES;
				CLANG_WARN_OBJC_LITERAL_CONVERSION = YES;
				CLANG_WARN_OBJC_ROOT_CLASS = YES_ERROR;
				CLANG_WARN_QUOTED_INCLUDE_IN_FRAMEWORK_HEADER = YES;
				CLANG_WARN_RANGE_LOOP_ANALYSIS = YES;
				CLANG_WARN_STRICT_PROTOTYPES = YES;
				CLANG_WARN_SUSPICIOUS_MOVE = YES;
				CLANG_WARN_UNGUARDED_AVAILABILITY = YES_AGGRESSIVE;
				CLANG_WARN_UNREACHABLE_CODE = YES;
				CLANG_WARN__DUPLICATE_METHOD_MATCH = YES;
				COPY_PHASE_STRIP = NO;
				DEBUG_INFORMATION_FORMAT = "dwarf-with-dsym";
				ENABLE_NS_ASSERTIONS = NO;
				ENABLE_STRICT_OBJC_MSGSEND = YES;
				GCC_C_LANGUAGE_STANDARD = gnu11;
				GCC_NO_COMMON_BLOCKS = YES;
				GCC_WARN_64_TO_32_BIT_CONVERSION = YES;
				GCC_WARN_ABOUT_RETURN_TYPE = YES_ERROR;
				GCC_WARN_UNDECLARED_SELECTOR = YES;
				GCC_WARN_UNINITIALIZED_AUTOS = YES_AGGRESSIVE;
				GCC_WARN_UNUSED_FUNCTION = YES;
				GCC_WARN_UNUSED_VARIABLE = YES;
				IPHONEOS_DEPLOYMENT_TARGET = 14.2;
				MTL_ENABLE_DEBUG_INFO = NO;
				MTL_FAST_MATH = YES;
				SDKROOT = iphoneos;
				SWIFT_COMPILATION_MODE = wholemodule;
				SWIFT_OPTIMIZATION_LEVEL = "-O";
				VALIDATE_PRODUCT = YES;
			};
			name = Release;
		};
		621CDD7025EF52B1001D20BE /* Debug */ = {
			isa = XCBuildConfiguration;
			buildSettings = {
				ASSETCATALOG_COMPILER_APPICON_NAME = AppIcon;
				ASSETCATALOG_COMPILER_GLOBAL_ACCENT_COLOR_NAME = AccentColor;
				CODE_SIGN_STYLE = Automatic;
				DEVELOPMENT_TEAM = BRS53SV7R8;
				INFOPLIST_FILE = Idea/Info.plist;
				LD_RUNPATH_SEARCH_PATHS = (
					"$(inherited)",
					"@executable_path/Frameworks",
				);
				PRODUCT_BUNDLE_IDENTIFIER = com.agawade.idea.Idea;
				PRODUCT_NAME = "$(TARGET_NAME)";
				SWIFT_VERSION = 5.0;
				TARGETED_DEVICE_FAMILY = "1,2";
			};
			name = Debug;
		};
		621CDD7125EF52B1001D20BE /* Release */ = {
			isa = XCBuildConfiguration;
			buildSettings = {
				ASSETCATALOG_COMPILER_APPICON_NAME = AppIcon;
				ASSETCATALOG_COMPILER_GLOBAL_ACCENT_COLOR_NAME = AccentColor;
				CODE_SIGN_STYLE = Automatic;
				DEVELOPMENT_TEAM = BRS53SV7R8;
				INFOPLIST_FILE = Idea/Info.plist;
				LD_RUNPATH_SEARCH_PATHS = (
					"$(inherited)",
					"@executable_path/Frameworks",
				);
				PRODUCT_BUNDLE_IDENTIFIER = com.agawade.idea.Idea;
				PRODUCT_NAME = "$(TARGET_NAME)";
				SWIFT_VERSION = 5.0;
				TARGETED_DEVICE_FAMILY = "1,2";
			};
			name = Release;
		};
		621CDD7325EF52B1001D20BE /* Debug */ = {
			isa = XCBuildConfiguration;
			buildSettings = {
				ALWAYS_EMBED_SWIFT_STANDARD_LIBRARIES = YES;
				BUNDLE_LOADER = "$(TEST_HOST)";
				CODE_SIGN_STYLE = Automatic;
				DEVELOPMENT_TEAM = BRS53SV7R8;
				INFOPLIST_FILE = IdeaTests/Info.plist;
				IPHONEOS_DEPLOYMENT_TARGET = 14.2;
				LD_RUNPATH_SEARCH_PATHS = (
					"$(inherited)",
					"@executable_path/Frameworks",
					"@loader_path/Frameworks",
				);
				PRODUCT_BUNDLE_IDENTIFIER = com.agawade.idea.IdeaTests;
				PRODUCT_NAME = "$(TARGET_NAME)";
				SWIFT_VERSION = 5.0;
				TARGETED_DEVICE_FAMILY = "1,2";
				TEST_HOST = "$(BUILT_PRODUCTS_DIR)/Idea.app/Idea";
			};
			name = Debug;
		};
		621CDD7425EF52B1001D20BE /* Release */ = {
			isa = XCBuildConfiguration;
			buildSettings = {
				ALWAYS_EMBED_SWIFT_STANDARD_LIBRARIES = YES;
				BUNDLE_LOADER = "$(TEST_HOST)";
				CODE_SIGN_STYLE = Automatic;
				DEVELOPMENT_TEAM = BRS53SV7R8;
				INFOPLIST_FILE = IdeaTests/Info.plist;
				IPHONEOS_DEPLOYMENT_TARGET = 14.2;
				LD_RUNPATH_SEARCH_PATHS = (
					"$(inherited)",
					"@executable_path/Frameworks",
					"@loader_path/Frameworks",
				);
				PRODUCT_BUNDLE_IDENTIFIER = com.agawade.idea.IdeaTests;
				PRODUCT_NAME = "$(TARGET_NAME)";
				SWIFT_VERSION = 5.0;
				TARGETED_DEVICE_FAMILY = "1,2";
				TEST_HOST = "$(BUILT_PRODUCTS_DIR)/Idea.app/Idea";
			};
			name = Release;
		};
		621CDD7625EF52B1001D20BE /* Debug */ = {
			isa = XCBuildConfiguration;
			buildSettings = {
				ALWAYS_EMBED_SWIFT_STANDARD_LIBRARIES = YES;
				CODE_SIGN_STYLE = Automatic;
				DEVELOPMENT_TEAM = BRS53SV7R8;
				INFOPLIST_FILE = IdeaUITests/Info.plist;
				LD_RUNPATH_SEARCH_PATHS = (
					"$(inherited)",
					"@executable_path/Frameworks",
					"@loader_path/Frameworks",
				);
				PRODUCT_BUNDLE_IDENTIFIER = com.agawade.idea.IdeaUITests;
				PRODUCT_NAME = "$(TARGET_NAME)";
				SWIFT_VERSION = 5.0;
				TARGETED_DEVICE_FAMILY = "1,2";
				TEST_TARGET_NAME = Idea;
			};
			name = Debug;
		};
		621CDD7725EF52B1001D20BE /* Release */ = {
			isa = XCBuildConfiguration;
			buildSettings = {
				ALWAYS_EMBED_SWIFT_STANDARD_LIBRARIES = YES;
				CODE_SIGN_STYLE = Automatic;
				DEVELOPMENT_TEAM = BRS53SV7R8;
				INFOPLIST_FILE = IdeaUITests/Info.plist;
				LD_RUNPATH_SEARCH_PATHS = (
					"$(inherited)",
					"@executable_path/Frameworks",
					"@loader_path/Frameworks",
				);
				PRODUCT_BUNDLE_IDENTIFIER = com.agawade.idea.IdeaUITests;
				PRODUCT_NAME = "$(TARGET_NAME)";
				SWIFT_VERSION = 5.0;
				TARGETED_DEVICE_FAMILY = "1,2";
				TEST_TARGET_NAME = Idea;
			};
			name = Release;
		};
/* End XCBuildConfiguration section */

/* Begin XCConfigurationList section */
		621CDD3D25EF52AD001D20BE /* Build configuration list for PBXProject "Idea" */ = {
			isa = XCConfigurationList;
			buildConfigurations = (
				621CDD6D25EF52B1001D20BE /* Debug */,
				621CDD6E25EF52B1001D20BE /* Release */,
			);
			defaultConfigurationIsVisible = 0;
			defaultConfigurationName = Release;
		};
		621CDD6F25EF52B1001D20BE /* Build configuration list for PBXNativeTarget "Idea" */ = {
			isa = XCConfigurationList;
			buildConfigurations = (
				621CDD7025EF52B1001D20BE /* Debug */,
				621CDD7125EF52B1001D20BE /* Release */,
			);
			defaultConfigurationIsVisible = 0;
			defaultConfigurationName = Release;
		};
		621CDD7225EF52B1001D20BE /* Build configuration list for PBXNativeTarget "IdeaTests" */ = {
			isa = XCConfigurationList;
			buildConfigurations = (
				621CDD7325EF52B1001D20BE /* Debug */,
				621CDD7425EF52B1001D20BE /* Release */,
			);
			defaultConfigurationIsVisible = 0;
			defaultConfigurationName = Release;
		};
		621CDD7525EF52B1001D20BE /* Build configuration list for PBXNativeTarget "IdeaUITests" */ = {
			isa = XCConfigurationList;
			buildConfigurations = (
				621CDD7625EF52B1001D20BE /* Debug */,
				621CDD7725EF52B1001D20BE /* Release */,
			);
			defaultConfigurationIsVisible = 0;
			defaultConfigurationName = Release;
		};
/* End XCConfigurationList section */

/* Begin XCVersionGroup section */
		621CDD4E25EF52AE001D20BE /* Idea.xcdatamodeld */ = {
			isa = XCVersionGroup;
			children = (
				621CDD4F25EF52AE001D20BE /* Idea.xcdatamodel */,
			);
			currentVersion = 621CDD4F25EF52AE001D20BE /* Idea.xcdatamodel */;
			path = Idea.xcdatamodeld;
			sourceTree = "<group>";
			versionGroupType = wrapper.xcdatamodel;
		};
/* End XCVersionGroup section */
	};
	rootObject = 621CDD3A25EF52AD001D20BE /* Project object */;
}
